
Microsoft Visual Studio Solution File, Format Version 12.00
Project("{FAE04EC0-301F-11D3-BF4B-00C04F79EFBC}") = "EmployeeAdminPortal-Asp.Dot-Net", "EmployeeAdminPortal-Asp.Dot-Net\EmployeeAdminPortal-Asp.Dot-Net.csproj", "{74126F0F-2806-4CC0-B8C3-289B26A241DC}"
EndProject
Global
	GlobalSection(SolutionConfigurationPlatforms) = preSolution
		Debug|Any CPU = Debug|Any CPU
		Release|Any CPU = Release|Any CPU
	EndGlobalSection
	GlobalSection(ProjectConfigurationPlatforms) = postSolution
		{74126F0F-2806-4CC0-B8C3-289B26A241DC}.Debug|Any CPU.ActiveCfg = Debug|Any CPU
		{74126F0F-2806-4CC0-B8C3-289B26A241DC}.Debug|Any CPU.Build.0 = Debug|Any CPU
		{74126F0F-2806-4CC0-B8C3-289B26A241DC}.Release|Any CPU.ActiveCfg = Release|Any CPU
		{74126F0F-2806-4CC0-B8C3-289B26A241DC}.Release|Any CPU.Build.0 = Release|Any CPU
	EndGlobalSection
EndGlobal
